
Microsoft Visual Studio Solution File, Format Version 12.00
# Visual Studio Version 17
VisualStudioVersion = 17.4.33403.182
MinimumVisualStudioVersion = 10.0.40219.1
Project("{9A19103F-16F7-4668-BE54-9A1E7A4F7556}") = "BlogWebApi", "BlogWebApi.csproj", "{6554DD31-25B1-4224-85C4-2F130D76EB14}"
EndProject
Project("{9A19103F-16F7-4668-BE54-9A1E7A4F7556}") = "BlogWebApi.Contracts", "..\BlogWebApi.Contracts\BlogWebApi.Contracts.csproj", "{D42859D2-5DF4-467A-BF02-4A173506DABB}"
EndProject
Project("{9A19103F-16F7-4668-BE54-9A1E7A4F7556}") = "BlogWebApi.Domain", "..\BlogWebApi.Domain\BlogWebApi.Domain.csproj", "{60DD7D94-3728-4026-B761-40FEE10A3EF7}"
EndProject
Project("{9A19103F-16F7-4668-BE54-9A1E7A4F7556}") = "BlogWebApi.Core", "..\BlogWebApi.Core\BlogWebApi.Core.csproj", "{B287FDFA-BC5D-47D0-A973-46B0BEBDF40C}"
EndProject
Project("{9A19103F-16F7-4668-BE54-9A1E7A4F7556}") = "BlogWebApi.Services", "..\BlogWebApi.Services\BlogWebApi.Services.csproj", "{24750082-CDDA-47EC-A4CC-35FEEA335769}"
EndProject
Project("{FAE04EC0-301F-11D3-BF4B-00C04F79EFBC}") = "BlogWebApi.DependencyInjections", "..\BlogWebApi.DependencyInjections\BlogWebApi.DependencyInjections.csproj", "{64B94639-8A7E-4711-BC96-E96689E3B769}"
EndProject
Global
	GlobalSection(SolutionConfigurationPlatforms) = preSolution
		Debug|Any CPU = Debug|Any CPU
		Release|Any CPU = Release|Any CPU
	EndGlobalSection
	GlobalSection(ProjectConfigurationPlatforms) = postSolution
		{6554DD31-25B1-4224-85C4-2F130D76EB14}.Debug|Any CPU.ActiveCfg = Debug|Any CPU
		{6554DD31-25B1-4224-85C4-2F130D76EB14}.Debug|Any CPU.Build.0 = Debug|Any CPU
		{6554DD31-25B1-4224-85C4-2F130D76EB14}.Release|Any CPU.ActiveCfg = Release|Any CPU
		{6554DD31-25B1-4224-85C4-2F130D76EB14}.Release|Any CPU.Build.0 = Release|Any CPU
		{D42859D2-5DF4-467A-BF02-4A173506DABB}.Debug|Any CPU.ActiveCfg = Debug|Any CPU
		{D42859D2-5DF4-467A-BF02-4A173506DABB}.Debug|Any CPU.Build.0 = Debug|Any CPU
		{D42859D2-5DF4-467A-BF02-4A173506DABB}.Release|Any CPU.ActiveCfg = Release|Any CPU
		{D42859D2-5DF4-467A-BF02-4A173506DABB}.Release|Any CPU.Build.0 = Release|Any CPU
		{60DD7D94-3728-4026-B761-40FEE10A3EF7}.Debug|Any CPU.ActiveCfg = Debug|Any CPU
		{60DD7D94-3728-4026-B761-40FEE10A3EF7}.Debug|Any CPU.Build.0 = Debug|Any CPU
		{60DD7D94-3728-4026-B761-40FEE10A3EF7}.Release|Any CPU.ActiveCfg = Release|Any CPU
		{60DD7D94-3728-4026-B761-40FEE10A3EF7}.Release|Any CPU.Build.0 = Release|Any CPU
		{B287FDFA-BC5D-47D0-A973-46B0BEBDF40C}.Debug|Any CPU.ActiveCfg = Debug|Any CPU
		{B287FDFA-BC5D-47D0-A973-46B0BEBDF40C}.Debug|Any CPU.Build.0 = Debug|Any CPU
		{B287FDFA-BC5D-47D0-A973-46B0BEBDF40C}.Release|Any CPU.ActiveCfg = Release|Any CPU
		{B287FDFA-BC5D-47D0-A973-46B0BEBDF40C}.Release|Any CPU.Build.0 = Release|Any CPU
		{24750082-CDDA-47EC-A4CC-35FEEA335769}.Debug|Any CPU.ActiveCfg = Debug|Any CPU
		{24750082-CDDA-47EC-A4CC-35FEEA335769}.Debug|Any CPU.Build.0 = Debug|Any CPU
		{24750082-CDDA-47EC-A4CC-35FEEA335769}.Release|Any CPU.ActiveCfg = Release|Any CPU
		{24750082-CDDA-47EC-A4CC-35FEEA335769}.Release|Any CPU.Build.0 = Release|Any CPU
		{64B94639-8A7E-4711-BC96-E96689E3B769}.Debug|Any CPU.ActiveCfg = Debug|Any CPU
		{64B94639-8A7E-4711-BC96-E96689E3B769}.Debug|Any CPU.Build.0 = Debug|Any CPU
		{64B94639-8A7E-4711-BC96-E96689E3B769}.Release|Any CPU.ActiveCfg = Release|Any CPU
		{64B94639-8A7E-4711-BC96-E96689E3B769}.Release|Any CPU.Build.0 = Release|Any CPU
	EndGlobalSection
	GlobalSection(SolutionProperties) = preSolution
		HideSolutionNode = FALSE
	EndGlobalSection
	GlobalSection(ExtensibilityGlobals) = postSolution
		SolutionGuid = {8F8F5FEF-3786-4F1F-877F-D132FE432279}
	EndGlobalSection
EndGlobal
